
Microsoft Visual Studio Solution File, Format Version 12.00
# Visual Studio Version 17
VisualStudioVersion = 17.7.34024.191
MinimumVisualStudioVersion = 10.0.40219.1
Project("{FAE04EC0-301F-11D3-BF4B-00C04F79EFBC}") = "BingoRandomizer", "BingoRandomizer\BingoRandomizer.csproj", "{27B43DFD-AAAE-4306-BF49-D48E57B180F4}"
EndProject
Global
	GlobalSection(SolutionConfigurationPlatforms) = preSolution
		Debug|Any CPU = Debug|Any CPU
		Release|Any CPU = Release|Any CPU
	EndGlobalSection
	GlobalSection(ProjectConfigurationPlatforms) = postSolution
		{27B43DFD-AAAE-4306-BF49-D48E57B180F4}.Debug|Any CPU.ActiveCfg = Debug|Any CPU
		{27B43DFD-AAAE-4306-BF49-D48E57B180F4}.Debug|Any CPU.Build.0 = Debug|Any CPU
		{27B43DFD-AAAE-4306-BF49-D48E57B180F4}.Release|Any CPU.ActiveCfg = Release|Any CPU
		{27B43DFD-AAAE-4306-BF49-D48E57B180F4}.Release|Any CPU.Build.0 = Release|Any CPU
	EndGlobalSection
	GlobalSection(SolutionProperties) = preSolution
		HideSolutionNode = FALSE
	EndGlobalSection
	GlobalSection(ExtensibilityGlobals) = postSolution
		SolutionGuid = {07A514E0-1D9B-4721-A9D9-5A9D30482FA3}
	EndGlobalSection
EndGlobal
